
Microsoft Visual Studio Solution File, Format Version 12.00
# Visual Studio 15
Project("{FAE04EC0-301F-11D3-BF4B-00C04F79EFBC}") = "Stopwatch", "Stopwatch\Stopwatch.csproj", "{89BF1DF6-923B-4F77-A37D-070864A1D24D}"
EndProject
Global
	GlobalSection(SolutionConfigurationPlatforms) = preSolution
		Debug|anycpu = Debug|anycpu
		Release|anycpu = Release|anycpu
	EndGlobalSection
	GlobalSection(ProjectConfigurationPlatforms) = postSolution
		{89BF1DF6-923B-4F77-A37D-070864A1D24D}.Debug|anycpu.ActiveCfg = Debug|anycpu
		{89BF1DF6-923B-4F77-A37D-070864A1D24D}.Debug|anycpu.Build.0 = Debug|anycpu
		{89BF1DF6-923B-4F77-A37D-070864A1D24D}.Release|anycpu.ActiveCfg = Release|anycpu
		{89BF1DF6-923B-4F77-A37D-070864A1D24D}.Release|anycpu.Build.0 = Release|anycpu
	EndGlobalSection
EndGlobal
